// !$*UTF8*$!
{
	archiveVersion = 1;
	classes = {
	};
	objectVersion = 46;
	objects = {

/* Begin PBXBuildFile section */
		F35E11811AD7AD0700DB2CD1 /* AppDelegate.m in Sources */ = {isa = PBXBuildFile; fileRef = F35E11801AD7AD0700DB2CD1 /* AppDelegate.m */; };
		F35E11831AD7AD0700DB2CD1 /* main.m in Sources */ = {isa = PBXBuildFile; fileRef = F35E11821AD7AD0700DB2CD1 /* main.m */; };
		F35E11851AD7AD0700DB2CD1 /* Images.xcassets in Resources */ = {isa = PBXBuildFile; fileRef = F35E11841AD7AD0700DB2CD1 /* Images.xcassets */; };
		F35E11881AD7AD0700DB2CD1 /* MainMenu.xib in Resources */ = {isa = PBXBuildFile; fileRef = F35E11861AD7AD0700DB2CD1 /* MainMenu.xib */; };
		F35E11941AD7AD0700DB2CD1 /* ObjCHeaderExtractorTests.m in Sources */ = {isa = PBXBuildFile; fileRef = F35E11931AD7AD0700DB2CD1 /* ObjCHeaderExtractorTests.m */; };
		F35E11A11AD7AD2900DB2CD1 /* ControllerVC.m in Sources */ = {isa = PBXBuildFile; fileRef = F35E119E1AD7AD2900DB2CD1 /* ControllerVC.m */; };
		F35E11A21AD7AD2900DB2CD1 /* DragTableView.m in Sources */ = {isa = PBXBuildFile; fileRef = F35E11A01AD7AD2900DB2CD1 /* DragTableView.m */; };
		F35E11A41AD7AD4000DB2CD1 /* class-dump in Resources */ = {isa = PBXBuildFile; fileRef = F35E11A31AD7AD4000DB2CD1 /* class-dump */; };
/* End PBXBuildFile section */

/* Begin PBXContainerItemProxy section */
		F35E118E1AD7AD0700DB2CD1 /* PBXContainerItemProxy */ = {
			isa = PBXContainerItemProxy;
			containerPortal = F35E11721AD7AD0600DB2CD1 /* Project object */;
			proxyType = 1;
			remoteGlobalIDString = F35E11791AD7AD0600DB2CD1;
			remoteInfo = ObjCHeaderExtractor;
		};
/* End PBXContainerItemProxy section */

/* Begin PBXFileReference section */
		F35E117A1AD7AD0600DB2CD1 /* ObjCHeaderExtractor.app */ = {isa = PBXFileReference; explicitFileType = wrapper.application; includeInIndex = 0; path = ObjCHeaderExtractor.app; sourceTree = BUILT_PRODUCTS_DIR; };
		F35E117E1AD7AD0700DB2CD1 /* Info.plist */ = {isa = PBXFileReference; lastKnownFileType = text.plist.xml; path = Info.plist; sourceTree = "<group>"; };
		F35E117F1AD7AD0700DB2CD1 /* AppDelegate.h */ = {isa = PBXFileReference; lastKnownFileType = sourcecode.c.h; path = AppDelegate.h; sourceTree = "<group>"; };
		F35E11801AD7AD0700DB2CD1 /* AppDelegate.m */ = {isa = PBXFileReference; lastKnownFileType = sourcecode.c.objc; path = AppDelegate.m; sourceTree = "<group>"; };
		F35E11821AD7AD0700DB2CD1 /* main.m */ = {isa = PBXFileReference; lastKnownFileType = sourcecode.c.objc; path = main.m; sourceTree = "<group>"; };
		F35E11841AD7AD0700DB2CD1 /* Images.xcassets */ = {isa = PBXFileReference; lastKnownFileType = folder.assetcatalog; path = Images.xcassets; sourceTree = "<group>"; };
		F35E11871AD7AD0700DB2CD1 /* Base */ = {isa = PBXFileReference; lastKnownFileType = file.xib; name = Base; path = Base.lproj/MainMenu.xib; sourceTree = "<group>"; };
		F35E118D1AD7AD0700DB2CD1 /* ObjCHeaderExtractorTests.xctest */ = {isa = PBXFileReference; explicitFileType = wrapper.cfbundle; includeInIndex = 0; path = ObjCHeaderExtractorTests.xctest; sourceTree = BUILT_PRODUCTS_DIR; };
		F35E11921AD7AD0700DB2CD1 /* Info.plist */ = {isa = PBXFileReference; lastKnownFileType = text.plist.xml; path = Info.plist; sourceTree = "<group>"; };
		F35E11931AD7AD0700DB2CD1 /* ObjCHeaderExtractorTests.m */ = {isa = PBXFileReference; lastKnownFileType = sourcecode.c.objc; path = ObjCHeaderExtractorTests.m; sourceTree = "<group>"; };
		F35E119D1AD7AD2900DB2CD1 /* ControllerVC.h */ = {isa = PBXFileReference; fileEncoding = 4; lastKnownFileType = sourcecode.c.h; path = ControllerVC.h; sourceTree = "<group>"; };
		F35E119E1AD7AD2900DB2CD1 /* ControllerVC.m */ = {isa = PBXFileReference; fileEncoding = 4; lastKnownFileType = sourcecode.c.objc; path = ControllerVC.m; sourceTree = "<group>"; };
		F35E119F1AD7AD2900DB2CD1 /* DragTableView.h */ = {isa = PBXFileReference; fileEncoding = 4; lastKnownFileType = sourcecode.c.h; path = DragTableView.h; sourceTree = "<group>"; };
		F35E11A01AD7AD2900DB2CD1 /* DragTableView.m */ = {isa = PBXFileReference; fileEncoding = 4; lastKnownFileType = sourcecode.c.objc; path = DragTableView.m; sourceTree = "<group>"; };
		F35E11A31AD7AD4000DB2CD1 /* class-dump */ = {isa = PBXFileReference; lastKnownFileType = "compiled.mach-o.executable"; path = "class-dump"; sourceTree = "<group>"; };
/* End PBXFileReference section */

/* Begin PBXFrameworksBuildPhase section */
		F35E11771AD7AD0600DB2CD1 /* Frameworks */ = {
			isa = PBXFrameworksBuildPhase;
			buildActionMask = 2147483647;
			files = (
			);
			runOnlyForDeploymentPostprocessing = 0;
		};
		F35E118A1AD7AD0700DB2CD1 /* Frameworks */ = {
			isa = PBXFrameworksBuildPhase;
			buildActionMask = 2147483647;
			files = (
			);
			runOnlyForDeploymentPostprocessing = 0;
		};
/* End PBXFrameworksBuildPhase section */

/* Begin PBXGroup section */
		F35E11711AD7AD0600DB2CD1 = {
			isa = PBXGroup;
			children = (
				F35E117C1AD7AD0600DB2CD1 /* ObjCHeaderExtractor */,
				F35E11901AD7AD0700DB2CD1 /* ObjCHeaderExtractorTests */,
				F35E117B1AD7AD0600DB2CD1 /* Products */,
			);
			sourceTree = "<group>";
		};
		F35E117B1AD7AD0600DB2CD1 /* Products */ = {
			isa = PBXGroup;
			children = (
				F35E117A1AD7AD0600DB2CD1 /* ObjCHeaderExtractor.app */,
				F35E118D1AD7AD0700DB2CD1 /* ObjCHeaderExtractorTests.xctest */,
			);
			name = Products;
			sourceTree = "<group>";
		};
		F35E117C1AD7AD0600DB2CD1 /* ObjCHeaderExtractor */ = {
			isa = PBXGroup;
			children = (
				F35E117F1AD7AD0700DB2CD1 /* AppDelegate.h */,
				F35E11801AD7AD0700DB2CD1 /* AppDelegate.m */,
				F35E119D1AD7AD2900DB2CD1 /* ControllerVC.h */,
				F35E119E1AD7AD2900DB2CD1 /* ControllerVC.m */,
				F35E119F1AD7AD2900DB2CD1 /* DragTableView.h */,
				F35E11A01AD7AD2900DB2CD1 /* DragTableView.m */,
				F35E11841AD7AD0700DB2CD1 /* Images.xcassets */,
				F35E11861AD7AD0700DB2CD1 /* MainMenu.xib */,
				F35E11A31AD7AD4000DB2CD1 /* class-dump */,
				F35E117D1AD7AD0700DB2CD1 /* Supporting Files */,
			);
			path = ObjCHeaderExtractor;
			sourceTree = "<group>";
		};
		F35E117D1AD7AD0700DB2CD1 /* Supporting Files */ = {
			isa = PBXGroup;
			children = (
				F35E117E1AD7AD0700DB2CD1 /* Info.plist */,
				F35E11821AD7AD0700DB2CD1 /* main.m */,
			);
			name = "Supporting Files";
			sourceTree = "<group>";
		};
		F35E11901AD7AD0700DB2CD1 /* ObjCHeaderExtractorTests */ = {
			isa = PBXGroup;
			children = (
				F35E11931AD7AD0700DB2CD1 /* ObjCHeaderExtractorTests.m */,
				F35E11911AD7AD0700DB2CD1 /* Supporting Files */,
			);
			path = ObjCHeaderExtractorTests;
			sourceTree = "<group>";
		};
		F35E11911AD7AD0700DB2CD1 /* Supporting Files */ = {
			isa = PBXGroup;
			children = (
				F35E11921AD7AD0700DB2CD1 /* Info.plist */,
			);
			name = "Supporting Files";
			sourceTree = "<group>";
		};
/* End PBXGroup section */

/* Begin PBXNativeTarget section */
		F35E11791AD7AD0600DB2CD1 /* ObjCHeaderExtractor */ = {
			isa = PBXNativeTarget;
			buildConfigurationList = F35E11971AD7AD0700DB2CD1 /* Build configuration list for PBXNativeTarget "ObjCHeaderExtractor" */;
			buildPhases = (
				F35E11761AD7AD0600DB2CD1 /* Sources */,
				F35E11771AD7AD0600DB2CD1 /* Frameworks */,
				F35E11781AD7AD0600DB2CD1 /* Resources */,
			);
			buildRules = (
			);
			dependencies = (
			);
			name = ObjCHeaderExtractor;
			productName = ObjCHeaderExtractor;
			productReference = F35E117A1AD7AD0600DB2CD1 /* ObjCHeaderExtractor.app */;
			productType = "com.apple.product-type.application";
		};
		F35E118C1AD7AD0700DB2CD1 /* ObjCHeaderExtractorTests */ = {
			isa = PBXNativeTarget;
			buildConfigurationList = F35E119A1AD7AD0700DB2CD1 /* Build configuration list for PBXNativeTarget "ObjCHeaderExtractorTests" */;
			buildPhases = (
				F35E11891AD7AD0700DB2CD1 /* Sources */,
				F35E118A1AD7AD0700DB2CD1 /* Frameworks */,
				F35E118B1AD7AD0700DB2CD1 /* Resources */,
			);
			buildRules = (
			);
			dependencies = (
				F35E118F1AD7AD0700DB2CD1 /* PBXTargetDependency */,
			);
			name = ObjCHeaderExtractorTests;
			productName = ObjCHeaderExtractorTests;
			productReference = F35E118D1AD7AD0700DB2CD1 /* ObjCHeaderExtractorTests.xctest */;
			productType = "com.apple.product-type.bundle.unit-test";
		};
/* End PBXNativeTarget section */

/* Begin PBXProject section */
		F35E11721AD7AD0600DB2CD1 /* Project object */ = {
			isa = PBXProject;
			attributes = {
				LastUpgradeCheck = 0630;
				ORGANIZATIONNAME = Zolo;
				TargetAttributes = {
					F35E11791AD7AD0600DB2CD1 = {
						CreatedOnToolsVersion = 6.3;
					};
					F35E118C1AD7AD0700DB2CD1 = {
						CreatedOnToolsVersion = 6.3;
						TestTargetID = F35E11791AD7AD0600DB2CD1;
					};
				};
			};
			buildConfigurationList = F35E11751AD7AD0600DB2CD1 /* Build configuration list for PBXProject "ObjCHeaderExtractor" */;
			compatibilityVersion = "Xcode 3.2";
			developmentRegion = English;
			hasScannedForEncodings = 0;
			knownRegions = (
				en,
				Base,
			);
			mainGroup = F35E11711AD7AD0600DB2CD1;
			productRefGroup = F35E117B1AD7AD0600DB2CD1 /* Products */;
			projectDirPath = "";
			projectRoot = "";
			targets = (
				F35E11791AD7AD0600DB2CD1 /* ObjCHeaderExtractor */,
				F35E118C1AD7AD0700DB2CD1 /* ObjCHeaderExtractorTests */,
			);
		};
/* End PBXProject section */

/* Begin PBXResourcesBuildPhase section */
		F35E11781AD7AD0600DB2CD1 /* Resources */ = {
			isa = PBXResourcesBuildPhase;
			buildActionMask = 2147483647;
			files = (
				F35E11A41AD7AD4000DB2CD1 /* class-dump in Resources */,
				F35E11851AD7AD0700DB2CD1 /* Images.xcassets in Resources */,
				F35E11881AD7AD0700DB2CD1 /* MainMenu.xib in Resources */,
			);
			runOnlyForDeploymentPostprocessing = 0;
		};
		F35E118B1AD7AD0700DB2CD1 /* Resources */ = {
			isa = PBXResourcesBuildPhase;
			buildActionMask = 2147483647;
			files = (
			);
			runOnlyForDeploymentPostprocessing = 0;
		};
/* End PBXResourcesBuildPhase section */

/* Begin PBXSourcesBuildPhase section */
		F35E11761AD7AD0600DB2CD1 /* Sources */ = {
			isa = PBXSourcesBuildPhase;
			buildActionMask = 2147483647;
			files = (
				F35E11831AD7AD0700DB2CD1 /* main.m in Sources */,
				F35E11A11AD7AD2900DB2CD1 /* ControllerVC.m in Sources */,
				F35E11811AD7AD0700DB2CD1 /* AppDelegate.m in Sources */,
				F35E11A21AD7AD2900DB2CD1 /* DragTableView.m in Sources */,
			);
			runOnlyForDeploymentPostprocessing = 0;
		};
		F35E11891AD7AD0700DB2CD1 /* Sources */ = {
			isa = PBXSourcesBuildPhase;
			buildActionMask = 2147483647;
			files = (
				F35E11941AD7AD0700DB2CD1 /* ObjCHeaderExtractorTests.m in Sources */,
			);
			runOnlyForDeploymentPostprocessing = 0;
		};
/* End PBXSourcesBuildPhase section */

/* Begin PBXTargetDependency section */
		F35E118F1AD7AD0700DB2CD1 /* PBXTargetDependency */ = {
			isa = PBXTargetDependency;
			target = F35E11791AD7AD0600DB2CD1 /* ObjCHeaderExtractor */;
			targetProxy = F35E118E1AD7AD0700DB2CD1 /* PBXContainerItemProxy */;
		};
/* End PBXTargetDependency section */

/* Begin PBXVariantGroup section */
		F35E11861AD7AD0700DB2CD1 /* MainMenu.xib */ = {
			isa = PBXVariantGroup;
			children = (
				F35E11871AD7AD0700DB2CD1 /* Base */,
			);
			name = MainMenu.xib;
			sourceTree = "<group>";
		};
/* End PBXVariantGroup section */

/* Begin XCBuildConfiguration section */
		F35E11951AD7AD0700DB2CD1 /* Debug */ = {
			isa = XCBuildConfiguration;
			buildSettings = {
				ALWAYS_SEARCH_USER_PATHS = NO;
				CLANG_CXX_LANGUAGE_STANDARD = "gnu++0x";
				CLANG_CXX_LIBRARY = "libc++";
				CLANG_ENABLE_MODULES = YES;
				CLANG_ENABLE_OBJC_ARC = YES;
				CLANG_WARN_BOOL_CONVERSION = YES;
				CLANG_WARN_CONSTANT_CONVERSION = YES;
				CLANG_WARN_DIRECT_OBJC_ISA_USAGE = YES_ERROR;
				CLANG_WARN_EMPTY_BODY = YES;
				CLANG_WARN_ENUM_CONVERSION = YES;
				CLANG_WARN_INT_CONVERSION = YES;
				CLANG_WARN_OBJC_ROOT_CLASS = YES_ERROR;
				CLANG_WARN_UNREACHABLE_CODE = YES;
				CLANG_WARN__DUPLICATE_METHOD_MATCH = YES;
				CODE_SIGN_IDENTITY = "-";
				COPY_PHASE_STRIP = NO;
				DEBUG_INFORMATION_FORMAT = dwarf;
				ENABLE_STRICT_OBJC_MSGSEND = YES;
				GCC_C_LANGUAGE_STANDARD = gnu99;
				GCC_DYNAMIC_NO_PIC = NO;
				GCC_NO_COMMON_BLOCKS = YES;
				GCC_OPTIMIZATION_LEVEL = 0;
				GCC_PREPROCESSOR_DEFINITIONS = (
					"DEBUG=1",
					"$(inherited)",
				);
				GCC_SYMBOLS_PRIVATE_EXTERN = NO;
				GCC_WARN_64_TO_32_BIT_CONVERSION = YES;
				GCC_WARN_ABOUT_RETURN_TYPE = YES_ERROR;
				GCC_WARN_UNDECLARED_SELECTOR = YES;
				GCC_WARN_UNINITIALIZED_AUTOS = YES_AGGRESSIVE;
				GCC_WARN_UNUSED_FUNCTION = YES;
				GCC_WARN_UNUSED_VARIABLE = YES;
				MACOSX_DEPLOYMENT_TARGET = 10.10;
				MTL_ENABLE_DEBUG_INFO = YES;
				ONLY_ACTIVE_ARCH = YES;
				SDKROOT = macosx;
			};
			name = Debug;
		};
		F35E11961AD7AD0700DB2CD1 /* Release */ = {
			isa = XCBuildConfiguration;
			buildSettings = {
				ALWAYS_SEARCH_USER_PATHS = NO;
				CLANG_CXX_LANGUAGE_STANDARD = "gnu++0x";
				CLANG_CXX_LIBRARY = "libc++";
				CLANG_ENABLE_MODULES = YES;
				CLANG_ENABLE_OBJC_ARC = YES;
				CLANG_WARN_BOOL_CONVERSION = YES;
				CLANG_WARN_CONSTANT_CONVERSION = YES;
				CLANG_WARN_DIRECT_OBJC_ISA_USAGE = YES_ERROR;
				CLANG_WARN_EMPTY_BODY = YES;
				CLANG_WARN_ENUM_CONVERSION = YES;
				CLANG_WARN_INT_CONVERSION = YES;
				CLANG_WARN_OBJC_ROOT_CLASS = YES_ERROR;
				CLANG_WARN_UNREACHABLE_CODE = YES;
				CLANG_WARN__DUPLICATE_METHOD_MATCH = YES;
				CODE_SIGN_IDENTITY = "-";
				COPY_PHASE_STRIP = NO;
				DEBUG_INFORMATION_FORMAT = "dwarf-with-dsym";
				ENABLE_NS_ASSERTIONS = NO;
				ENABLE_STRICT_OBJC_MSGSEND = YES;
				GCC_C_LANGUAGE_STANDARD = gnu99;
				GCC_NO_COMMON_BLOCKS = YES;
				GCC_WARN_64_TO_32_BIT_CONVERSION = YES;
				GCC_WARN_ABOUT_RETURN_TYPE = YES_ERROR;
				GCC_WARN_UNDECLARED_SELECTOR = YES;
				GCC_WARN_UNINITIALIZED_AUTOS = YES_AGGRESSIVE;
				GCC_WARN_UNUSED_FUNCTION = YES;
				GCC_WARN_UNUSED_VARIABLE = YES;
				MACOSX_DEPLOYMENT_TARGET = 10.10;
				MTL_ENABLE_DEBUG_INFO = NO;
				SDKROOT = macosx;
			};
			name = Release;
		};
		F35E11981AD7AD0700DB2CD1 /* Debug */ = {
			isa = XCBuildConfiguration;
			buildSettings = {
				ASSETCATALOG_COMPILER_APPICON_NAME = AppIcon;
				COMBINE_HIDPI_IMAGES = YES;
				INFOPLIST_FILE = ObjCHeaderExtractor/Info.plist;
				LD_RUNPATH_SEARCH_PATHS = "$(inherited) @executable_path/../Frameworks";
				PRODUCT_NAME = "$(TARGET_NAME)";
			};
			name = Debug;
		};
		F35E11991AD7AD0700DB2CD1 /* Release */ = {
			isa = XCBuildConfiguration;
			buildSettings = {
				ASSETCATALOG_COMPILER_APPICON_NAME = AppIcon;
				COMBINE_HIDPI_IMAGES = YES;
				INFOPLIST_FILE = ObjCHeaderExtractor/Info.plist;
				LD_RUNPATH_SEARCH_PATHS = "$(inherited) @executable_path/../Frameworks";
				PRODUCT_NAME = "$(TARGET_NAME)";
			};
			name = Release;
		};
		F35E119B1AD7AD0700DB2CD1 /* Debug */ = {
			isa = XCBuildConfiguration;
			buildSettings = {
				BUNDLE_LOADER = "$(TEST_HOST)";
				COMBINE_HIDPI_IMAGES = YES;
				FRAMEWORK_SEARCH_PATHS = (
					"$(DEVELOPER_FRAMEWORKS_DIR)",
					"$(inherited)",
				);
				GCC_PREPROCESSOR_DEFINITIONS = (
					"DEBUG=1",
					"$(inherited)",
				);
				INFOPLIST_FILE = ObjCHeaderExtractorTests/Info.plist;
				LD_RUNPATH_SEARCH_PATHS = "$(inherited) @executable_path/../Frameworks @loader_path/../Frameworks";
				PRODUCT_NAME = "$(TARGET_NAME)";
				TEST_HOST = "$(BUILT_PRODUCTS_DIR)/ObjCHeaderExtractor.app/Contents/MacOS/ObjCHeaderExtractor";
			};
			name = Debug;
		};
		F35E119C1AD7AD0700DB2CD1 /* Release */ = {
			isa = XCBuildConfiguration;
			buildSettings = {
				BUNDLE_LOADER = "$(TEST_HOST)";
				COMBINE_HIDPI_IMAGES = YES;
				FRAMEWORK_SEARCH_PATHS = (
					"$(DEVELOPER_FRAMEWORKS_DIR)",
					"$(inherited)",
				);
				INFOPLIST_FILE = ObjCHeaderExtractorTests/Info.plist;
				LD_RUNPATH_SEARCH_PATHS = "$(inherited) @executable_path/../Frameworks @loader_path/../Frameworks";
				PRODUCT_NAME = "$(TARGET_NAME)";
				TEST_HOST = "$(BUILT_PRODUCTS_DIR)/ObjCHeaderExtractor.app/Contents/MacOS/ObjCHeaderExtractor";
			};
			name = Release;
		};
/* End XCBuildConfiguration section */

/* Begin XCConfigurationList section */
		F35E11751AD7AD0600DB2CD1 /* Build configuration list for PBXProject "ObjCHeaderExtractor" */ = {
			isa = XCConfigurationList;
			buildConfigurations = (
				F35E11951AD7AD0700DB2CD1 /* Debug */,
				F35E11961AD7AD0700DB2CD1 /* Release */,
			);
			defaultConfigurationIsVisible = 0;
			defaultConfigurationName = Release;
		};
		F35E11971AD7AD0700DB2CD1 /* Build configuration list for PBXNativeTarget "ObjCHeaderExtractor" */ = {
			isa = XCConfigurationList;
			buildConfigurations = (
				F35E11981AD7AD0700DB2CD1 /* Debug */,
				F35E11991AD7AD0700DB2CD1 /* Release */,
			);
			defaultConfigurationIsVisible = 0;
		};
		F35E119A1AD7AD0700DB2CD1 /* Build configuration list for PBXNativeTarget "ObjCHeaderExtractorTests" */ = {
			isa = XCConfigurationList;
			buildConfigurations = (
				F35E119B1AD7AD0700DB2CD1 /* Debug */,
				F35E119C1AD7AD0700DB2CD1 /* Release */,
			);
			defaultConfigurationIsVisible = 0;
		};
/* End XCConfigurationList section */
	};
	rootObject = F35E11721AD7AD0600DB2CD1 /* Project object */;
}
